
Microsoft Visual Studio Solution File, Format Version 12.00
# Visual Studio Version 17
VisualStudioVersion = 17.1.32421.90
MinimumVisualStudioVersion = 10.0.40219.1
Project("{FAE04EC0-301F-11D3-BF4B-00C04F79EFBC}") = "JokeJukebox.Domain", "JokeJukebox.Domain\JokeJukebox.Domain.csproj", "{F05DC510-86E8-42C0-9647-49D938E78BAE}"
EndProject
Project("{FAE04EC0-301F-11D3-BF4B-00C04F79EFBC}") = "JokeJukebox.Service", "JokeJukebox.Service\JokeJukebox.Service.csproj", "{1028C40E-55C9-4F56-84E8-B42A7E964801}"
EndProject
Project("{FAE04EC0-301F-11D3-BF4B-00C04F79EFBC}") = "JokeJukebox.Shared", "JokeJukebox.Shared\JokeJukebox.Shared.csproj", "{26D89939-C40A-455B-996F-C88AB22423D1}"
EndProject
Project("{FAE04EC0-301F-11D3-BF4B-00C04F79EFBC}") = "JokeJukebox.App", "JokeJukeboxApp\JokeJukebox.App.csproj", "{318E0451-BBAC-4A7D-B99B-A9E70713C599}"
EndProject
Project("{9A19103F-16F7-4668-BE54-9A1E7A4F7556}") = "JokeJukebox.API", "JokeJukebox.API\JokeJukebox.API.csproj", "{9993880C-F591-4A60-8F14-323B32081666}"
EndProject
Global
	GlobalSection(SolutionConfigurationPlatforms) = preSolution
		Debug|Any CPU = Debug|Any CPU
		Release|Any CPU = Release|Any CPU
	EndGlobalSection
	GlobalSection(ProjectConfigurationPlatforms) = postSolution
		{F05DC510-86E8-42C0-9647-49D938E78BAE}.Debug|Any CPU.ActiveCfg = Debug|Any CPU
		{F05DC510-86E8-42C0-9647-49D938E78BAE}.Debug|Any CPU.Build.0 = Debug|Any CPU
		{F05DC510-86E8-42C0-9647-49D938E78BAE}.Release|Any CPU.ActiveCfg = Release|Any CPU
		{F05DC510-86E8-42C0-9647-49D938E78BAE}.Release|Any CPU.Build.0 = Release|Any CPU
		{1028C40E-55C9-4F56-84E8-B42A7E964801}.Debug|Any CPU.ActiveCfg = Debug|Any CPU
		{1028C40E-55C9-4F56-84E8-B42A7E964801}.Debug|Any CPU.Build.0 = Debug|Any CPU
		{1028C40E-55C9-4F56-84E8-B42A7E964801}.Release|Any CPU.ActiveCfg = Release|Any CPU
		{1028C40E-55C9-4F56-84E8-B42A7E964801}.Release|Any CPU.Build.0 = Release|Any CPU
		{26D89939-C40A-455B-996F-C88AB22423D1}.Debug|Any CPU.ActiveCfg = Debug|Any CPU
		{26D89939-C40A-455B-996F-C88AB22423D1}.Debug|Any CPU.Build.0 = Debug|Any CPU
		{26D89939-C40A-455B-996F-C88AB22423D1}.Release|Any CPU.ActiveCfg = Release|Any CPU
		{26D89939-C40A-455B-996F-C88AB22423D1}.Release|Any CPU.Build.0 = Release|Any CPU
		{318E0451-BBAC-4A7D-B99B-A9E70713C599}.Debug|Any CPU.ActiveCfg = Debug|Any CPU
		{318E0451-BBAC-4A7D-B99B-A9E70713C599}.Debug|Any CPU.Build.0 = Debug|Any CPU
		{318E0451-BBAC-4A7D-B99B-A9E70713C599}.Release|Any CPU.ActiveCfg = Release|Any CPU
		{318E0451-BBAC-4A7D-B99B-A9E70713C599}.Release|Any CPU.Build.0 = Release|Any CPU
		{9993880C-F591-4A60-8F14-323B32081666}.Debug|Any CPU.ActiveCfg = Debug|Any CPU
		{9993880C-F591-4A60-8F14-323B32081666}.Debug|Any CPU.Build.0 = Debug|Any CPU
		{9993880C-F591-4A60-8F14-323B32081666}.Release|Any CPU.ActiveCfg = Release|Any CPU
		{9993880C-F591-4A60-8F14-323B32081666}.Release|Any CPU.Build.0 = Release|Any CPU
	EndGlobalSection
	GlobalSection(SolutionProperties) = preSolution
		HideSolutionNode = FALSE
	EndGlobalSection
	GlobalSection(ExtensibilityGlobals) = postSolution
		SolutionGuid = {96297F8B-D64C-423D-A037-78C46D4CFBF1}
	EndGlobalSection
EndGlobal
